<Solution>
  <Project Path="domashka_10/domashka_10.csproj" Id="9b54ad98-a839-4b88-a149-49498dcfe83e" />
  <Project Path="domashka_11/domashka_11.csproj" Id="c22e461d-f476-47e6-bf21-5ca2516dd0d6" />
  <Project Path="domashka_12/domashka_12.csproj" Id="31217cb2-9351-4b62-ac51-b1765104fb8f" />
  <Project Path="domashka_5/domashka_5.csproj" />
  <Project Path="domashka_6/domashka_6.csproj" Id="0697cb1a-a74c-4ba1-8fea-6857cb9fcc25" />
  <Project Path="domashka_7/domashka_7.csproj" Id="90d219ee-3ae7-40f6-a251-5e5ce85af96c" />
  <Project Path="domashka_8/domashka_8.csproj" Id="f1226309-8fa7-44a3-a193-b8b18946ee93" />
  <Project Path="domashka_9/domashka_9.csproj" Id="894fd417-3b5a-4d72-9868-f254c6144b99" />
  <Project Path="random_number/random_number.csproj" />
</Solution>
